
Microsoft Visual Studio Solution File, Format Version 12.00
# Visual Studio 15
VisualStudioVersion = 15.0.27130.2027
MinimumVisualStudioVersion = 10.0.40219.1
Project("{FAE04EC0-301F-11D3-BF4B-00C04F79EFBC}") = "Shutdown", "Shutdown.csproj", "{EE913CD0-F452-40CC-93CE-AFF0E536DB08}"
EndProject
Global
	GlobalSection(SolutionConfigurationPlatforms) = preSolution
		Debug|Any CPU = Debug|Any CPU
		Release|Any CPU = Release|Any CPU
	EndGlobalSection
	GlobalSection(ProjectConfigurationPlatforms) = postSolution
		{EE913CD0-F452-40CC-93CE-AFF0E536DB08}.Debug|Any CPU.ActiveCfg = Debug|Any CPU
		{EE913CD0-F452-40CC-93CE-AFF0E536DB08}.Debug|Any CPU.Build.0 = Debug|Any CPU
		{EE913CD0-F452-40CC-93CE-AFF0E536DB08}.Release|Any CPU.ActiveCfg = Release|Any CPU
		{EE913CD0-F452-40CC-93CE-AFF0E536DB08}.Release|Any CPU.Build.0 = Release|Any CPU
	EndGlobalSection
	GlobalSection(SolutionProperties) = preSolution
		HideSolutionNode = FALSE
	EndGlobalSection
	GlobalSection(ExtensibilityGlobals) = postSolution
		SolutionGuid = {25246E20-050E-4F19-BE6A-ADB837F24AD6}
	EndGlobalSection
EndGlobal
